
Microsoft Visual Studio Solution File, Format Version 12.00
# Visual Studio Version 16
VisualStudioVersion = 16.0.32126.315
MinimumVisualStudioVersion = 10.0.40219.1
Project("{FAE04EC0-301F-11D3-BF4B-00C04F79EFBC}") = "C107176158-2", "C107176158-2\C107176158-2.csproj", "{88BF4F93-29CB-4C91-9095-01E0654999A2}"
EndProject
Global
	GlobalSection(SolutionConfigurationPlatforms) = preSolution
		Debug|Any CPU = Debug|Any CPU
		Release|Any CPU = Release|Any CPU
	EndGlobalSection
	GlobalSection(ProjectConfigurationPlatforms) = postSolution
		{88BF4F93-29CB-4C91-9095-01E0654999A2}.Debug|Any CPU.ActiveCfg = Debug|Any CPU
		{88BF4F93-29CB-4C91-9095-01E0654999A2}.Debug|Any CPU.Build.0 = Debug|Any CPU
		{88BF4F93-29CB-4C91-9095-01E0654999A2}.Release|Any CPU.ActiveCfg = Release|Any CPU
		{88BF4F93-29CB-4C91-9095-01E0654999A2}.Release|Any CPU.Build.0 = Release|Any CPU
	EndGlobalSection
	GlobalSection(SolutionProperties) = preSolution
		HideSolutionNode = FALSE
	EndGlobalSection
	GlobalSection(ExtensibilityGlobals) = postSolution
		SolutionGuid = {86FA8644-73FC-4E53-B272-775095F82742}
	EndGlobalSection
EndGlobal
